// !$*UTF8*$!
{
	archiveVersion = 1;
	classes = {
	};
	objectVersion = 56;
	objects = {

/* Begin PBXBuildFile section */
		831062C3295BF1D5008A7BA8 /* AppDelegate.swift in Sources */ = {isa = PBXBuildFile; fileRef = 831062C2295BF1D5008A7BA8 /* AppDelegate.swift */; };
		831062C5295BF1D5008A7BA8 /* SceneDelegate.swift in Sources */ = {isa = PBXBuildFile; fileRef = 831062C4295BF1D5008A7BA8 /* SceneDelegate.swift */; };
		831062C7295BF1D5008A7BA8 /* NGTabBarController.swift in Sources */ = {isa = PBXBuildFile; fileRef = 831062C6295BF1D5008A7BA8 /* NGTabBarController.swift */; };
		831062CC295BF1D7008A7BA8 /* Assets.xcassets in Resources */ = {isa = PBXBuildFile; fileRef = 831062CB295BF1D7008A7BA8 /* Assets.xcassets */; };
		831062CF295BF1D7008A7BA8 /* LaunchScreen.storyboard in Resources */ = {isa = PBXBuildFile; fileRef = 831062CD295BF1D7008A7BA8 /* LaunchScreen.storyboard */; };
		831062DC295BF439008A7BA8 /* NGPlaceListViewController.swift in Sources */ = {isa = PBXBuildFile; fileRef = 831062DB295BF439008A7BA8 /* NGPlaceListViewController.swift */; };
		831062DE295BF456008A7BA8 /* NGResultsListViewController.swift in Sources */ = {isa = PBXBuildFile; fileRef = 831062DD295BF456008A7BA8 /* NGResultsListViewController.swift */; };
		831062E0295BF46E008A7BA8 /* NGPlaceDetailViewController.swift in Sources */ = {isa = PBXBuildFile; fileRef = 831062DF295BF46E008A7BA8 /* NGPlaceDetailViewController.swift */; };
		831062E2295BF4D0008A7BA8 /* NGService.swift in Sources */ = {isa = PBXBuildFile; fileRef = 831062E1295BF4D0008A7BA8 /* NGService.swift */; };
		831062E4295BF4DD008A7BA8 /* NGDataManager.swift in Sources */ = {isa = PBXBuildFile; fileRef = 831062E3295BF4DD008A7BA8 /* NGDataManager.swift */; };
		831062E8295C08A9008A7BA8 /* NGPlace.swift in Sources */ = {isa = PBXBuildFile; fileRef = 831062E7295C08A9008A7BA8 /* NGPlace.swift */; };
		831062EF295CC6F0008A7BA8 /* NGEndpoint.swift in Sources */ = {isa = PBXBuildFile; fileRef = 831062EE295CC6F0008A7BA8 /* NGEndpoint.swift */; };
		831062F1295CC75C008A7BA8 /* NGEndpointCases.swift in Sources */ = {isa = PBXBuildFile; fileRef = 831062F0295CC75C008A7BA8 /* NGEndpointCases.swift */; };
		831062F3295CD210008A7BA8 /* NGCategory.swift in Sources */ = {isa = PBXBuildFile; fileRef = 831062F2295CD210008A7BA8 /* NGCategory.swift */; };
		831062F5295CD254008A7BA8 /* NGLocation.swift in Sources */ = {isa = PBXBuildFile; fileRef = 831062F4295CD254008A7BA8 /* NGLocation.swift */; };
		831062F7295CD28F008A7BA8 /* NGGeocodes.swift in Sources */ = {isa = PBXBuildFile; fileRef = 831062F6295CD28F008A7BA8 /* NGGeocodes.swift */; };
		831062F9295CD52E008A7BA8 /* NGIcon.swift in Sources */ = {isa = PBXBuildFile; fileRef = 831062F8295CD52E008A7BA8 /* NGIcon.swift */; };
		831062FB295D1D54008A7BA8 /* NGPlaces.swift in Sources */ = {isa = PBXBuildFile; fileRef = 831062FA295D1D54008A7BA8 /* NGPlaces.swift */; };
		8359DC7E2961E53300C6E14F /* NGPlaceTip.swift in Sources */ = {isa = PBXBuildFile; fileRef = 8359DC7D2961E53300C6E14F /* NGPlaceTip.swift */; };
		83EAE93F295F413F0059FE10 /* NGDiscoverViewController.swift in Sources */ = {isa = PBXBuildFile; fileRef = 83EAE93E295F413F0059FE10 /* NGDiscoverViewController.swift */; };
/* End PBXBuildFile section */

/* Begin PBXFileReference section */
		831062BF295BF1D5008A7BA8 /* NeighborhoodGems.app */ = {isa = PBXFileReference; explicitFileType = wrapper.application; includeInIndex = 0; path = NeighborhoodGems.app; sourceTree = BUILT_PRODUCTS_DIR; };
		831062C2295BF1D5008A7BA8 /* AppDelegate.swift */ = {isa = PBXFileReference; lastKnownFileType = sourcecode.swift; path = AppDelegate.swift; sourceTree = "<group>"; };
		831062C4295BF1D5008A7BA8 /* SceneDelegate.swift */ = {isa = PBXFileReference; lastKnownFileType = sourcecode.swift; path = SceneDelegate.swift; sourceTree = "<group>"; };
		831062C6295BF1D5008A7BA8 /* NGTabBarController.swift */ = {isa = PBXFileReference; lastKnownFileType = sourcecode.swift; path = NGTabBarController.swift; sourceTree = "<group>"; };
		831062CB295BF1D7008A7BA8 /* Assets.xcassets */ = {isa = PBXFileReference; lastKnownFileType = folder.assetcatalog; path = Assets.xcassets; sourceTree = "<group>"; };
		831062CE295BF1D7008A7BA8 /* Base */ = {isa = PBXFileReference; lastKnownFileType = file.storyboard; name = Base; path = Base.lproj/LaunchScreen.storyboard; sourceTree = "<group>"; };
		831062D0295BF1D7008A7BA8 /* Info.plist */ = {isa = PBXFileReference; lastKnownFileType = text.plist.xml; path = Info.plist; sourceTree = "<group>"; };
		831062DB295BF439008A7BA8 /* NGPlaceListViewController.swift */ = {isa = PBXFileReference; lastKnownFileType = sourcecode.swift; path = NGPlaceListViewController.swift; sourceTree = "<group>"; };
		831062DD295BF456008A7BA8 /* NGResultsListViewController.swift */ = {isa = PBXFileReference; lastKnownFileType = sourcecode.swift; path = NGResultsListViewController.swift; sourceTree = "<group>"; };
		831062DF295BF46E008A7BA8 /* NGPlaceDetailViewController.swift */ = {isa = PBXFileReference; lastKnownFileType = sourcecode.swift; path = NGPlaceDetailViewController.swift; sourceTree = "<group>"; };
		831062E1295BF4D0008A7BA8 /* NGService.swift */ = {isa = PBXFileReference; lastKnownFileType = sourcecode.swift; path = NGService.swift; sourceTree = "<group>"; };
		831062E3295BF4DD008A7BA8 /* NGDataManager.swift */ = {isa = PBXFileReference; lastKnownFileType = sourcecode.swift; path = NGDataManager.swift; sourceTree = "<group>"; };
		831062E6295C0060008A7BA8 /* Config.xcconfig */ = {isa = PBXFileReference; lastKnownFileType = text.xcconfig; path = Config.xcconfig; sourceTree = "<group>"; };
		831062E7295C08A9008A7BA8 /* NGPlace.swift */ = {isa = PBXFileReference; lastKnownFileType = sourcecode.swift; path = NGPlace.swift; sourceTree = "<group>"; };
		831062EE295CC6F0008A7BA8 /* NGEndpoint.swift */ = {isa = PBXFileReference; lastKnownFileType = sourcecode.swift; path = NGEndpoint.swift; sourceTree = "<group>"; };
		831062F0295CC75C008A7BA8 /* NGEndpointCases.swift */ = {isa = PBXFileReference; lastKnownFileType = sourcecode.swift; path = NGEndpointCases.swift; sourceTree = "<group>"; };
		831062F2295CD210008A7BA8 /* NGCategory.swift */ = {isa = PBXFileReference; lastKnownFileType = sourcecode.swift; path = NGCategory.swift; sourceTree = "<group>"; };
		831062F4295CD254008A7BA8 /* NGLocation.swift */ = {isa = PBXFileReference; lastKnownFileType = sourcecode.swift; path = NGLocation.swift; sourceTree = "<group>"; };
		831062F6295CD28F008A7BA8 /* NGGeocodes.swift */ = {isa = PBXFileReference; lastKnownFileType = sourcecode.swift; path = NGGeocodes.swift; sourceTree = "<group>"; };
		831062F8295CD52E008A7BA8 /* NGIcon.swift */ = {isa = PBXFileReference; lastKnownFileType = sourcecode.swift; path = NGIcon.swift; sourceTree = "<group>"; };
		831062FA295D1D54008A7BA8 /* NGPlaces.swift */ = {isa = PBXFileReference; lastKnownFileType = sourcecode.swift; path = NGPlaces.swift; sourceTree = "<group>"; };
		8359DC7D2961E53300C6E14F /* NGPlaceTip.swift */ = {isa = PBXFileReference; lastKnownFileType = sourcecode.swift; path = NGPlaceTip.swift; sourceTree = "<group>"; };
		83EAE93E295F413F0059FE10 /* NGDiscoverViewController.swift */ = {isa = PBXFileReference; lastKnownFileType = sourcecode.swift; path = NGDiscoverViewController.swift; sourceTree = "<group>"; };
/* End PBXFileReference section */

/* Begin PBXFrameworksBuildPhase section */
		831062BC295BF1D5008A7BA8 /* Frameworks */ = {
			isa = PBXFrameworksBuildPhase;
			buildActionMask = 2147483647;
			files = (
			);
			runOnlyForDeploymentPostprocessing = 0;
		};
/* End PBXFrameworksBuildPhase section */

/* Begin PBXGroup section */
		831062B6295BF1D5008A7BA8 = {
			isa = PBXGroup;
			children = (
				831062C1295BF1D5008A7BA8 /* NeighborhoodGems */,
				831062C0295BF1D5008A7BA8 /* Products */,
			);
			sourceTree = "<group>";
		};
		831062C0295BF1D5008A7BA8 /* Products */ = {
			isa = PBXGroup;
			children = (
				831062BF295BF1D5008A7BA8 /* NeighborhoodGems.app */,
			);
			name = Products;
			sourceTree = "<group>";
		};
		831062C1295BF1D5008A7BA8 /* NeighborhoodGems */ = {
			isa = PBXGroup;
			children = (
				831062D6295BF297008A7BA8 /* SupportingFiles */,
				831062ED295CC447008A7BA8 /* Managers */,
				831062D7295BF2AE008A7BA8 /* APIClient */,
				831062D8295BF2BE008A7BA8 /* Models */,
				831062D9295BF2C6008A7BA8 /* Controllers */,
				831062D0295BF1D7008A7BA8 /* Info.plist */,
				831062E6295C0060008A7BA8 /* Config.xcconfig */,
			);
			path = NeighborhoodGems;
			sourceTree = "<group>";
		};
		831062D6295BF297008A7BA8 /* SupportingFiles */ = {
			isa = PBXGroup;
			children = (
				831062C2295BF1D5008A7BA8 /* AppDelegate.swift */,
				831062C4295BF1D5008A7BA8 /* SceneDelegate.swift */,
				831062CB295BF1D7008A7BA8 /* Assets.xcassets */,
				831062CD295BF1D7008A7BA8 /* LaunchScreen.storyboard */,
			);
			path = SupportingFiles;
			sourceTree = "<group>";
		};
		831062D7295BF2AE008A7BA8 /* APIClient */ = {
			isa = PBXGroup;
			children = (
				831062E1295BF4D0008A7BA8 /* NGService.swift */,
				831062EE295CC6F0008A7BA8 /* NGEndpoint.swift */,
				831062F0295CC75C008A7BA8 /* NGEndpointCases.swift */,
			);
			path = APIClient;
			sourceTree = "<group>";
		};
		831062D8295BF2BE008A7BA8 /* Models */ = {
			isa = PBXGroup;
			children = (
				831062E7295C08A9008A7BA8 /* NGPlace.swift */,
				831062FA295D1D54008A7BA8 /* NGPlaces.swift */,
				831062F2295CD210008A7BA8 /* NGCategory.swift */,
				831062F4295CD254008A7BA8 /* NGLocation.swift */,
				831062F6295CD28F008A7BA8 /* NGGeocodes.swift */,
				831062F8295CD52E008A7BA8 /* NGIcon.swift */,
				8359DC7D2961E53300C6E14F /* NGPlaceTip.swift */,
			);
			path = Models;
			sourceTree = "<group>";
		};
		831062D9295BF2C6008A7BA8 /* Controllers */ = {
			isa = PBXGroup;
			children = (
				831062DA295BF2D3008A7BA8 /* Core */,
			);
			path = Controllers;
			sourceTree = "<group>";
		};
		831062DA295BF2D3008A7BA8 /* Core */ = {
			isa = PBXGroup;
			children = (
				831062C6295BF1D5008A7BA8 /* NGTabBarController.swift */,
				831062DB295BF439008A7BA8 /* NGPlaceListViewController.swift */,
				831062DF295BF46E008A7BA8 /* NGPlaceDetailViewController.swift */,
				831062DD295BF456008A7BA8 /* NGResultsListViewController.swift */,
				83EAE93E295F413F0059FE10 /* NGDiscoverViewController.swift */,
			);
			path = Core;
			sourceTree = "<group>";
		};
		831062ED295CC447008A7BA8 /* Managers */ = {
			isa = PBXGroup;
			children = (
				831062E3295BF4DD008A7BA8 /* NGDataManager.swift */,
			);
			path = Managers;
			sourceTree = "<group>";
		};
/* End PBXGroup section */

/* Begin PBXNativeTarget section */
		831062BE295BF1D5008A7BA8 /* NeighborhoodGems */ = {
			isa = PBXNativeTarget;
			buildConfigurationList = 831062D3295BF1D7008A7BA8 /* Build configuration list for PBXNativeTarget "NeighborhoodGems" */;
			buildPhases = (
				831062BB295BF1D5008A7BA8 /* Sources */,
				831062BC295BF1D5008A7BA8 /* Frameworks */,
				831062BD295BF1D5008A7BA8 /* Resources */,
			);
			buildRules = (
			);
			dependencies = (
			);
			name = NeighborhoodGems;
			productName = NeighborhoodGems;
			productReference = 831062BF295BF1D5008A7BA8 /* NeighborhoodGems.app */;
			productType = "com.apple.product-type.application";
		};
/* End PBXNativeTarget section */

/* Begin PBXProject section */
		831062B7295BF1D5008A7BA8 /* Project object */ = {
			isa = PBXProject;
			attributes = {
				BuildIndependentTargetsInParallel = 1;
				LastSwiftUpdateCheck = 1420;
				LastUpgradeCheck = 1420;
				TargetAttributes = {
					831062BE295BF1D5008A7BA8 = {
						CreatedOnToolsVersion = 14.2;
					};
				};
			};
			buildConfigurationList = 831062BA295BF1D5008A7BA8 /* Build configuration list for PBXProject "NeighborhoodGems" */;
			compatibilityVersion = "Xcode 14.0";
			developmentRegion = en;
			hasScannedForEncodings = 0;
			knownRegions = (
				en,
				Base,
			);
			mainGroup = 831062B6295BF1D5008A7BA8;
			productRefGroup = 831062C0295BF1D5008A7BA8 /* Products */;
			projectDirPath = "";
			projectRoot = "";
			targets = (
				831062BE295BF1D5008A7BA8 /* NeighborhoodGems */,
			);
		};
/* End PBXProject section */

/* Begin PBXResourcesBuildPhase section */
		831062BD295BF1D5008A7BA8 /* Resources */ = {
			isa = PBXResourcesBuildPhase;
			buildActionMask = 2147483647;
			files = (
				831062CF295BF1D7008A7BA8 /* LaunchScreen.storyboard in Resources */,
				831062CC295BF1D7008A7BA8 /* Assets.xcassets in Resources */,
			);
			runOnlyForDeploymentPostprocessing = 0;
		};
/* End PBXResourcesBuildPhase section */

/* Begin PBXSourcesBuildPhase section */
		831062BB295BF1D5008A7BA8 /* Sources */ = {
			isa = PBXSourcesBuildPhase;
			buildActionMask = 2147483647;
			files = (
				831062F1295CC75C008A7BA8 /* NGEndpointCases.swift in Sources */,
				831062E4295BF4DD008A7BA8 /* NGDataManager.swift in Sources */,
				831062EF295CC6F0008A7BA8 /* NGEndpoint.swift in Sources */,
				831062E0295BF46E008A7BA8 /* NGPlaceDetailViewController.swift in Sources */,
				831062C7295BF1D5008A7BA8 /* NGTabBarController.swift in Sources */,
				831062DE295BF456008A7BA8 /* NGResultsListViewController.swift in Sources */,
				83EAE93F295F413F0059FE10 /* NGDiscoverViewController.swift in Sources */,
				831062FB295D1D54008A7BA8 /* NGPlaces.swift in Sources */,
				831062F9295CD52E008A7BA8 /* NGIcon.swift in Sources */,
				831062F5295CD254008A7BA8 /* NGLocation.swift in Sources */,
				831062C3295BF1D5008A7BA8 /* AppDelegate.swift in Sources */,
				831062C5295BF1D5008A7BA8 /* SceneDelegate.swift in Sources */,
				831062E8295C08A9008A7BA8 /* NGPlace.swift in Sources */,
				831062F7295CD28F008A7BA8 /* NGGeocodes.swift in Sources */,
				8359DC7E2961E53300C6E14F /* NGPlaceTip.swift in Sources */,
				831062E2295BF4D0008A7BA8 /* NGService.swift in Sources */,
				831062DC295BF439008A7BA8 /* NGPlaceListViewController.swift in Sources */,
				831062F3295CD210008A7BA8 /* NGCategory.swift in Sources */,
			);
			runOnlyForDeploymentPostprocessing = 0;
		};
/* End PBXSourcesBuildPhase section */

/* Begin PBXVariantGroup section */
		831062CD295BF1D7008A7BA8 /* LaunchScreen.storyboard */ = {
			isa = PBXVariantGroup;
			children = (
				831062CE295BF1D7008A7BA8 /* Base */,
			);
			name = LaunchScreen.storyboard;
			sourceTree = "<group>";
		};
/* End PBXVariantGroup section */

/* Begin XCBuildConfiguration section */
		831062D1295BF1D7008A7BA8 /* Debug */ = {
			isa = XCBuildConfiguration;
			baseConfigurationReference = 831062E6295C0060008A7BA8 /* Config.xcconfig */;
			buildSettings = {
				ALWAYS_SEARCH_USER_PATHS = NO;
				CLANG_ANALYZER_NONNULL = YES;
				CLANG_ANALYZER_NUMBER_OBJECT_CONVERSION = YES_AGGRESSIVE;
				CLANG_CXX_LANGUAGE_STANDARD = "gnu++20";
				CLANG_ENABLE_MODULES = YES;
				CLANG_ENABLE_OBJC_ARC = YES;
				CLANG_ENABLE_OBJC_WEAK = YES;
				CLANG_WARN_BLOCK_CAPTURE_AUTORELEASING = YES;
				CLANG_WARN_BOOL_CONVERSION = YES;
				CLANG_WARN_COMMA = YES;
				CLANG_WARN_CONSTANT_CONVERSION = YES;
				CLANG_WARN_DEPRECATED_OBJC_IMPLEMENTATIONS = YES;
				CLANG_WARN_DIRECT_OBJC_ISA_USAGE = YES_ERROR;
				CLANG_WARN_DOCUMENTATION_COMMENTS = YES;
				CLANG_WARN_EMPTY_BODY = YES;
				CLANG_WARN_ENUM_CONVERSION = YES;
				CLANG_WARN_INFINITE_RECURSION = YES;
				CLANG_WARN_INT_CONVERSION = YES;
				CLANG_WARN_NON_LITERAL_NULL_CONVERSION = YES;
				CLANG_WARN_OBJC_IMPLICIT_RETAIN_SELF = YES;
				CLANG_WARN_OBJC_LITERAL_CONVERSION = YES;
				CLANG_WARN_OBJC_ROOT_CLASS = YES_ERROR;
				CLANG_WARN_QUOTED_INCLUDE_IN_FRAMEWORK_HEADER = YES;
				CLANG_WARN_RANGE_LOOP_ANALYSIS = YES;
				CLANG_WARN_STRICT_PROTOTYPES = YES;
				CLANG_WARN_SUSPICIOUS_MOVE = YES;
				CLANG_WARN_UNGUARDED_AVAILABILITY = YES_AGGRESSIVE;
				CLANG_WARN_UNREACHABLE_CODE = YES;
				CLANG_WARN__DUPLICATE_METHOD_MATCH = YES;
				COPY_PHASE_STRIP = NO;
				DEBUG_INFORMATION_FORMAT = dwarf;
				ENABLE_STRICT_OBJC_MSGSEND = YES;
				ENABLE_TESTABILITY = YES;
				GCC_C_LANGUAGE_STANDARD = gnu11;
				GCC_DYNAMIC_NO_PIC = NO;
				GCC_NO_COMMON_BLOCKS = YES;
				GCC_OPTIMIZATION_LEVEL = 0;
				GCC_PREPROCESSOR_DEFINITIONS = (
					"DEBUG=1",
					"$(inherited)",
				);
				GCC_WARN_64_TO_32_BIT_CONVERSION = YES;
				GCC_WARN_ABOUT_RETURN_TYPE = YES_ERROR;
				GCC_WARN_UNDECLARED_SELECTOR = YES;
				GCC_WARN_UNINITIALIZED_AUTOS = YES_AGGRESSIVE;
				GCC_WARN_UNUSED_FUNCTION = YES;
				GCC_WARN_UNUSED_VARIABLE = YES;
				IPHONEOS_DEPLOYMENT_TARGET = 16.2;
				MTL_ENABLE_DEBUG_INFO = INCLUDE_SOURCE;
				MTL_FAST_MATH = YES;
				ONLY_ACTIVE_ARCH = YES;
				SDKROOT = iphoneos;
				SWIFT_ACTIVE_COMPILATION_CONDITIONS = DEBUG;
				SWIFT_OPTIMIZATION_LEVEL = "-Onone";
			};
			name = Debug;
		};
		831062D2295BF1D7008A7BA8 /* Release */ = {
			isa = XCBuildConfiguration;
			baseConfigurationReference = 831062E6295C0060008A7BA8 /* Config.xcconfig */;
			buildSettings = {
				ALWAYS_SEARCH_USER_PATHS = NO;
				CLANG_ANALYZER_NONNULL = YES;
				CLANG_ANALYZER_NUMBER_OBJECT_CONVERSION = YES_AGGRESSIVE;
				CLANG_CXX_LANGUAGE_STANDARD = "gnu++20";
				CLANG_ENABLE_MODULES = YES;
				CLANG_ENABLE_OBJC_ARC = YES;
				CLANG_ENABLE_OBJC_WEAK = YES;
				CLANG_WARN_BLOCK_CAPTURE_AUTORELEASING = YES;
				CLANG_WARN_BOOL_CONVERSION = YES;
				CLANG_WARN_COMMA = YES;
				CLANG_WARN_CONSTANT_CONVERSION = YES;
				CLANG_WARN_DEPRECATED_OBJC_IMPLEMENTATIONS = YES;
				CLANG_WARN_DIRECT_OBJC_ISA_USAGE = YES_ERROR;
				CLANG_WARN_DOCUMENTATION_COMMENTS = YES;
				CLANG_WARN_EMPTY_BODY = YES;
				CLANG_WARN_ENUM_CONVERSION = YES;
				CLANG_WARN_INFINITE_RECURSION = YES;
				CLANG_WARN_INT_CONVERSION = YES;
				CLANG_WARN_NON_LITERAL_NULL_CONVERSION = YES;
				CLANG_WARN_OBJC_IMPLICIT_RETAIN_SELF = YES;
				CLANG_WARN_OBJC_LITERAL_CONVERSION = YES;
				CLANG_WARN_OBJC_ROOT_CLASS = YES_ERROR;
				CLANG_WARN_QUOTED_INCLUDE_IN_FRAMEWORK_HEADER = YES;
				CLANG_WARN_RANGE_LOOP_ANALYSIS = YES;
				CLANG_WARN_STRICT_PROTOTYPES = YES;
				CLANG_WARN_SUSPICIOUS_MOVE = YES;
				CLANG_WARN_UNGUARDED_AVAILABILITY = YES_AGGRESSIVE;
				CLANG_WARN_UNREACHABLE_CODE = YES;
				CLANG_WARN__DUPLICATE_METHOD_MATCH = YES;
				COPY_PHASE_STRIP = NO;
				DEBUG_INFORMATION_FORMAT = "dwarf-with-dsym";
				ENABLE_NS_ASSERTIONS = NO;
				ENABLE_STRICT_OBJC_MSGSEND = YES;
				GCC_C_LANGUAGE_STANDARD = gnu11;
				GCC_NO_COMMON_BLOCKS = YES;
				GCC_WARN_64_TO_32_BIT_CONVERSION = YES;
				GCC_WARN_ABOUT_RETURN_TYPE = YES_ERROR;
				GCC_WARN_UNDECLARED_SELECTOR = YES;
				GCC_WARN_UNINITIALIZED_AUTOS = YES_AGGRESSIVE;
				GCC_WARN_UNUSED_FUNCTION = YES;
				GCC_WARN_UNUSED_VARIABLE = YES;
				IPHONEOS_DEPLOYMENT_TARGET = 16.2;
				MTL_ENABLE_DEBUG_INFO = NO;
				MTL_FAST_MATH = YES;
				SDKROOT = iphoneos;
				SWIFT_COMPILATION_MODE = wholemodule;
				SWIFT_OPTIMIZATION_LEVEL = "-O";
				VALIDATE_PRODUCT = YES;
			};
			name = Release;
		};
		831062D4295BF1D7008A7BA8 /* Debug */ = {
			isa = XCBuildConfiguration;
			buildSettings = {
				ASSETCATALOG_COMPILER_APPICON_NAME = AppIcon;
				ASSETCATALOG_COMPILER_GLOBAL_ACCENT_COLOR_NAME = AccentColor;
				CODE_SIGN_STYLE = Automatic;
				CURRENT_PROJECT_VERSION = 1;
				DEVELOPMENT_TEAM = BWTUFHYJYD;
				GENERATE_INFOPLIST_FILE = YES;
				INFOPLIST_FILE = NeighborhoodGems/Info.plist;
				INFOPLIST_KEY_UIApplicationSupportsIndirectInputEvents = YES;
				INFOPLIST_KEY_UILaunchStoryboardName = LaunchScreen;
				INFOPLIST_KEY_UISupportedInterfaceOrientations_iPad = "UIInterfaceOrientationPortrait UIInterfaceOrientationPortraitUpsideDown UIInterfaceOrientationLandscapeLeft UIInterfaceOrientationLandscapeRight";
				INFOPLIST_KEY_UISupportedInterfaceOrientations_iPhone = "UIInterfaceOrientationPortrait UIInterfaceOrientationLandscapeLeft UIInterfaceOrientationLandscapeRight";
				LD_RUNPATH_SEARCH_PATHS = (
					"$(inherited)",
					"@executable_path/Frameworks",
				);
				MARKETING_VERSION = 1.0;
				PRODUCT_BUNDLE_IDENTIFIER = com.mercy.NeighborhoodGems;
				PRODUCT_NAME = "$(TARGET_NAME)";
				SWIFT_EMIT_LOC_STRINGS = YES;
				SWIFT_VERSION = 5.0;
				TARGETED_DEVICE_FAMILY = "1,2";
			};
			name = Debug;
		};
		831062D5295BF1D7008A7BA8 /* Release */ = {
			isa = XCBuildConfiguration;
			buildSettings = {
				ASSETCATALOG_COMPILER_APPICON_NAME = AppIcon;
				ASSETCATALOG_COMPILER_GLOBAL_ACCENT_COLOR_NAME = AccentColor;
				CODE_SIGN_STYLE = Automatic;
				CURRENT_PROJECT_VERSION = 1;
				DEVELOPMENT_TEAM = BWTUFHYJYD;
				GENERATE_INFOPLIST_FILE = YES;
				INFOPLIST_FILE = NeighborhoodGems/Info.plist;
				INFOPLIST_KEY_UIApplicationSupportsIndirectInputEvents = YES;
				INFOPLIST_KEY_UILaunchStoryboardName = LaunchScreen;
				INFOPLIST_KEY_UISupportedInterfaceOrientations_iPad = "UIInterfaceOrientationPortrait UIInterfaceOrientationPortraitUpsideDown UIInterfaceOrientationLandscapeLeft UIInterfaceOrientationLandscapeRight";
				INFOPLIST_KEY_UISupportedInterfaceOrientations_iPhone = "UIInterfaceOrientationPortrait UIInterfaceOrientationLandscapeLeft UIInterfaceOrientationLandscapeRight";
				LD_RUNPATH_SEARCH_PATHS = (
					"$(inherited)",
					"@executable_path/Frameworks",
				);
				MARKETING_VERSION = 1.0;
				PRODUCT_BUNDLE_IDENTIFIER = com.mercy.NeighborhoodGems;
				PRODUCT_NAME = "$(TARGET_NAME)";
				SWIFT_EMIT_LOC_STRINGS = YES;
				SWIFT_VERSION = 5.0;
				TARGETED_DEVICE_FAMILY = "1,2";
			};
			name = Release;
		};
/* End XCBuildConfiguration section */

/* Begin XCConfigurationList section */
		831062BA295BF1D5008A7BA8 /* Build configuration list for PBXProject "NeighborhoodGems" */ = {
			isa = XCConfigurationList;
			buildConfigurations = (
				831062D1295BF1D7008A7BA8 /* Debug */,
				831062D2295BF1D7008A7BA8 /* Release */,
			);
			defaultConfigurationIsVisible = 0;
			defaultConfigurationName = Release;
		};
		831062D3295BF1D7008A7BA8 /* Build configuration list for PBXNativeTarget "NeighborhoodGems" */ = {
			isa = XCConfigurationList;
			buildConfigurations = (
				831062D4295BF1D7008A7BA8 /* Debug */,
				831062D5295BF1D7008A7BA8 /* Release */,
			);
			defaultConfigurationIsVisible = 0;
			defaultConfigurationName = Release;
		};
/* End XCConfigurationList section */
	};
	rootObject = 831062B7295BF1D5008A7BA8 /* Project object */;
}
